{
  "sources": {
    "apt": {
      "locked_version": "2.3.4"
    },
    "build-essential": {
      "locked_version": "1.4.2"
    },
    "python": {
      "locked_version": "1.4.4"
    },
    "yum": {
      "locked_version": "3.0.4"
    },
    "ssh_known_hosts": {
      "locked_version": "1.2.0"
    },
    "networking": {
      "locked_version": "0.8.7",
      "git": "git@github.com:att-cloud/cookbook-networking.git",
      "ref": "aed4272d6592066390ad9fa367a014e092f2f373"
    },
    "reboot-handler": {
      "locked_version": "0.2.4",
      "git": "git@github.com:att-cloud/cookbook-reboot-handler.git",
      "ref": "2b8e2d91278c7d5d4cdc84d94ce7922e392f02e7"
    },
    "infra-management": {
      "locked_version": "0.0.7",
      "git": "git@github.com:att-cloud/cookbook-infra-management.git",
      "ref": "2047447c6061a3d05c863c666fc24493101b18dd"
    },
    "partial_search": {
      "locked_version": "1.0.8"
    },
    "chef_handler": {
      "locked_version": "1.1.4"
    }
  }
}
