{
  "sources": {
    "apt": {
      "locked_version": "2.3.4"
    },
    "build-essential": {
      "locked_version": "1.4.2"
    },
    "python": {
      "locked_version": "1.4.4"
    },
    "yum": {
      "locked_version": "3.0.4"
    },
    "ssh_known_hosts": {
      "locked_version": "1.2.0"
    },
    "ohai": {
      "locked_version": "1.1.7",
      "git": "git@github.com:att-cloud/cookbook-ohai.git",
      "ref": "ad3bf04e61f210df0d1de72b44904ac8f7b619a4"
    },
    "networking": {
      "locked_version": "0.8.7",
      "git": "git@github.com:att-cloud/cookbook-networking.git",
      "ref": "aed4272d6592066390ad9fa367a014e092f2f373"
    },
    "reboot-handler": {
      "locked_version": "0.2.4",
      "git": "git@github.com:att-cloud/cookbook-reboot-handler.git",
      "ref": "2b8e2d91278c7d5d4cdc84d94ce7922e392f02e7"
    },
    "infra-management": {
      "locked_version": "0.0.9",
      "git": "git@github.com:att-cloud/cookbook-infra-management.git",
      "ref": "1d45243dec0aa22aee2f9704143c094c5455adf3"
    },
    "partial_search": {
      "locked_version": "1.0.8"
    },
    "ipmitool": {
      "locked_version": "1.1.0"
    },
    "lldpd": {
      "locked_version": "1.0.0"
    },
    "chef_handler": {
      "locked_version": "1.1.4"
    }
  }
}
